
Microsoft Visual Studio Solution File, Format Version 12.00
# Visual Studio Version 17
VisualStudioVersion = 17.5.002.0
MinimumVisualStudioVersion = 10.0.40219.1
Project("{9A19103F-16F7-4668-BE54-9A1E7A4F7556}") = "Final", "Final\Final.csproj", "{0F6EE83F-1E46-441A-B821-556684551020}"
EndProject
Project("{9A19103F-16F7-4668-BE54-9A1E7A4F7556}") = "Starter", "Starter\Starter.csproj", "{5765FD1E-44CA-4479-80CA-61B2A77770EC}"
EndProject
Global
	GlobalSection(SolutionConfigurationPlatforms) = preSolution
		Debug|Any CPU = Debug|Any CPU
		Release|Any CPU = Release|Any CPU
	EndGlobalSection
	GlobalSection(ProjectConfigurationPlatforms) = postSolution
		{0F6EE83F-1E46-441A-B821-556684551020}.Debug|Any CPU.ActiveCfg = Debug|Any CPU
		{0F6EE83F-1E46-441A-B821-556684551020}.Debug|Any CPU.Build.0 = Debug|Any CPU
		{0F6EE83F-1E46-441A-B821-556684551020}.Release|Any CPU.ActiveCfg = Release|Any CPU
		{0F6EE83F-1E46-441A-B821-556684551020}.Release|Any CPU.Build.0 = Release|Any CPU
		{5765FD1E-44CA-4479-80CA-61B2A77770EC}.Debug|Any CPU.ActiveCfg = Debug|Any CPU
		{5765FD1E-44CA-4479-80CA-61B2A77770EC}.Debug|Any CPU.Build.0 = Debug|Any CPU
		{5765FD1E-44CA-4479-80CA-61B2A77770EC}.Release|Any CPU.ActiveCfg = Release|Any CPU
		{5765FD1E-44CA-4479-80CA-61B2A77770EC}.Release|Any CPU.Build.0 = Release|Any CPU
	EndGlobalSection
	GlobalSection(SolutionProperties) = preSolution
		HideSolutionNode = FALSE
	EndGlobalSection
	GlobalSection(ExtensibilityGlobals) = postSolution
		SolutionGuid = {F803114C-4840-41CE-BCC0-29B938051D50}
	EndGlobalSection
EndGlobal
