
Microsoft Visual Studio Solution File, Format Version 12.00
# Visual Studio Version 17
VisualStudioVersion = 17.5.002.0
MinimumVisualStudioVersion = 10.0.40219.1
Project("{2150E333-8FDC-42A3-9474-1A3956D46DE8}") = "GuidedProject", "GuidedProject", "{2421B31B-6907-4330-8966-9C43B6227336}"
EndProject
Project("{9A19103F-16F7-4668-BE54-9A1E7A4F7556}") = "Final", "GuidedProject\Final\Final.csproj", "{13BAEF2F-D9AF-4093-B3AC-89C05B203FE3}"
EndProject
Project("{9A19103F-16F7-4668-BE54-9A1E7A4F7556}") = "Starter", "GuidedProject\Starter\Starter.csproj", "{C1C68A3E-9254-4430-A767-9948B8A90BD5}"
EndProject
Global
	GlobalSection(SolutionConfigurationPlatforms) = preSolution
		Debug|Any CPU = Debug|Any CPU
		Release|Any CPU = Release|Any CPU
	EndGlobalSection
	GlobalSection(ProjectConfigurationPlatforms) = postSolution
		{13BAEF2F-D9AF-4093-B3AC-89C05B203FE3}.Debug|Any CPU.ActiveCfg = Debug|Any CPU
		{13BAEF2F-D9AF-4093-B3AC-89C05B203FE3}.Debug|Any CPU.Build.0 = Debug|Any CPU
		{13BAEF2F-D9AF-4093-B3AC-89C05B203FE3}.Release|Any CPU.ActiveCfg = Release|Any CPU
		{13BAEF2F-D9AF-4093-B3AC-89C05B203FE3}.Release|Any CPU.Build.0 = Release|Any CPU
		{C1C68A3E-9254-4430-A767-9948B8A90BD5}.Debug|Any CPU.ActiveCfg = Debug|Any CPU
		{C1C68A3E-9254-4430-A767-9948B8A90BD5}.Debug|Any CPU.Build.0 = Debug|Any CPU
		{C1C68A3E-9254-4430-A767-9948B8A90BD5}.Release|Any CPU.ActiveCfg = Release|Any CPU
		{C1C68A3E-9254-4430-A767-9948B8A90BD5}.Release|Any CPU.Build.0 = Release|Any CPU
	EndGlobalSection
	GlobalSection(SolutionProperties) = preSolution
		HideSolutionNode = FALSE
	EndGlobalSection
	GlobalSection(NestedProjects) = preSolution
		{13BAEF2F-D9AF-4093-B3AC-89C05B203FE3} = {2421B31B-6907-4330-8966-9C43B6227336}
		{C1C68A3E-9254-4430-A767-9948B8A90BD5} = {2421B31B-6907-4330-8966-9C43B6227336}
	EndGlobalSection
	GlobalSection(ExtensibilityGlobals) = postSolution
		SolutionGuid = {7974B47A-7619-44EF-B86D-2C231E180A84}
	EndGlobalSection
EndGlobal
