
Microsoft Visual Studio Solution File, Format Version 12.00
# Visual Studio Version 17
VisualStudioVersion = 17.5.002.0
MinimumVisualStudioVersion = 10.0.40219.1
Project("{9A19103F-16F7-4668-BE54-9A1E7A4F7556}") = "Debug101", "Debug101.csproj", "{E6A0DFD1-7B91-4732-9E65-5C5606E65523}"
EndProject
Global
	GlobalSection(SolutionConfigurationPlatforms) = preSolution
		Debug|Any CPU = Debug|Any CPU
		Release|Any CPU = Release|Any CPU
	EndGlobalSection
	GlobalSection(ProjectConfigurationPlatforms) = postSolution
		{E6A0DFD1-7B91-4732-9E65-5C5606E65523}.Debug|Any CPU.ActiveCfg = Debug|Any CPU
		{E6A0DFD1-7B91-4732-9E65-5C5606E65523}.Debug|Any CPU.Build.0 = Debug|Any CPU
		{E6A0DFD1-7B91-4732-9E65-5C5606E65523}.Release|Any CPU.ActiveCfg = Release|Any CPU
		{E6A0DFD1-7B91-4732-9E65-5C5606E65523}.Release|Any CPU.Build.0 = Release|Any CPU
	EndGlobalSection
	GlobalSection(SolutionProperties) = preSolution
		HideSolutionNode = FALSE
	EndGlobalSection
	GlobalSection(ExtensibilityGlobals) = postSolution
		SolutionGuid = {6434DC3E-9882-4C0C-A75C-CA29E8531C4C}
	EndGlobalSection
EndGlobal
