
Microsoft Visual Studio Solution File, Format Version 12.00
# Visual Studio Version 17
VisualStudioVersion = 17.5.002.0
MinimumVisualStudioVersion = 10.0.40219.1
Project("{2150E333-8FDC-42A3-9474-1A3956D46DE8}") = "GuidedProject", "GuidedProject", "{6A7247FF-3EB1-4809-BDB7-AD36E3822265}"
EndProject
Project("{9A19103F-16F7-4668-BE54-9A1E7A4F7556}") = "Starter", "GuidedProject\Starter\Starter.csproj", "{71F9B2EC-FB47-45A4-9122-8AE193FB0CC3}"
EndProject
Project("{9A19103F-16F7-4668-BE54-9A1E7A4F7556}") = "Final", "GuidedProject\Final\Final.csproj", "{DF34C7BD-1352-4DCE-83C7-19D13DE4E8FF}"
EndProject
Global
	GlobalSection(SolutionConfigurationPlatforms) = preSolution
		Debug|Any CPU = Debug|Any CPU
		Release|Any CPU = Release|Any CPU
	EndGlobalSection
	GlobalSection(ProjectConfigurationPlatforms) = postSolution
		{71F9B2EC-FB47-45A4-9122-8AE193FB0CC3}.Debug|Any CPU.ActiveCfg = Debug|Any CPU
		{71F9B2EC-FB47-45A4-9122-8AE193FB0CC3}.Debug|Any CPU.Build.0 = Debug|Any CPU
		{71F9B2EC-FB47-45A4-9122-8AE193FB0CC3}.Release|Any CPU.ActiveCfg = Release|Any CPU
		{71F9B2EC-FB47-45A4-9122-8AE193FB0CC3}.Release|Any CPU.Build.0 = Release|Any CPU
		{DF34C7BD-1352-4DCE-83C7-19D13DE4E8FF}.Debug|Any CPU.ActiveCfg = Debug|Any CPU
		{DF34C7BD-1352-4DCE-83C7-19D13DE4E8FF}.Debug|Any CPU.Build.0 = Debug|Any CPU
		{DF34C7BD-1352-4DCE-83C7-19D13DE4E8FF}.Release|Any CPU.ActiveCfg = Release|Any CPU
		{DF34C7BD-1352-4DCE-83C7-19D13DE4E8FF}.Release|Any CPU.Build.0 = Release|Any CPU
	EndGlobalSection
	GlobalSection(SolutionProperties) = preSolution
		HideSolutionNode = FALSE
	EndGlobalSection
	GlobalSection(NestedProjects) = preSolution
		{71F9B2EC-FB47-45A4-9122-8AE193FB0CC3} = {6A7247FF-3EB1-4809-BDB7-AD36E3822265}
		{DF34C7BD-1352-4DCE-83C7-19D13DE4E8FF} = {6A7247FF-3EB1-4809-BDB7-AD36E3822265}
	EndGlobalSection
	GlobalSection(ExtensibilityGlobals) = postSolution
		SolutionGuid = {0C12D847-3380-4BA2-813B-7A7FD00340C0}
	EndGlobalSection
EndGlobal
