
Microsoft Visual Studio Solution File, Format Version 12.00
# Visual Studio Version 17
VisualStudioVersion = 17.5.002.0
MinimumVisualStudioVersion = 10.0.40219.1
Project("{9A19103F-16F7-4668-BE54-9A1E7A4F7556}") = "Exceptions101", "Exceptions101.csproj", "{0CE8341E-3A51-43E8-AF83-DA9E6EC70B70}"
EndProject
Global
	GlobalSection(SolutionConfigurationPlatforms) = preSolution
		Debug|Any CPU = Debug|Any CPU
		Release|Any CPU = Release|Any CPU
	EndGlobalSection
	GlobalSection(ProjectConfigurationPlatforms) = postSolution
		{0CE8341E-3A51-43E8-AF83-DA9E6EC70B70}.Debug|Any CPU.ActiveCfg = Debug|Any CPU
		{0CE8341E-3A51-43E8-AF83-DA9E6EC70B70}.Debug|Any CPU.Build.0 = Debug|Any CPU
		{0CE8341E-3A51-43E8-AF83-DA9E6EC70B70}.Release|Any CPU.ActiveCfg = Release|Any CPU
		{0CE8341E-3A51-43E8-AF83-DA9E6EC70B70}.Release|Any CPU.Build.0 = Release|Any CPU
	EndGlobalSection
	GlobalSection(SolutionProperties) = preSolution
		HideSolutionNode = FALSE
	EndGlobalSection
	GlobalSection(ExtensibilityGlobals) = postSolution
		SolutionGuid = {CEA2296F-E0BC-4C5D-AE2A-08356CADE61C}
	EndGlobalSection
EndGlobal
